
Microsoft Visual Studio Solution File, Format Version 12.00
# Visual Studio 2013
VisualStudioVersion = 12.0.21005.1
MinimumVisualStudioVersion = 10.0.40219.1
Project("{8BC9CEB8-8B4A-11D0-8D11-00A0C91BC942}") = "1412363_DE01", "1412363_DE01\1412363_DE01.vcxproj", "{841A4600-5C43-4F54-9C76-2689FDE41F4D}"
EndProject
Global
	GlobalSection(SolutionConfigurationPlatforms) = preSolution
		Debug|Win32 = Debug|Win32
		Release|Win32 = Release|Win32
	EndGlobalSection
	GlobalSection(ProjectConfigurationPlatforms) = postSolution
		{841A4600-5C43-4F54-9C76-2689FDE41F4D}.Debug|Win32.ActiveCfg = Debug|Win32
		{841A4600-5C43-4F54-9C76-2689FDE41F4D}.Debug|Win32.Build.0 = Debug|Win32
		{841A4600-5C43-4F54-9C76-2689FDE41F4D}.Release|Win32.ActiveCfg = Release|Win32
		{841A4600-5C43-4F54-9C76-2689FDE41F4D}.Release|Win32.Build.0 = Release|Win32
	EndGlobalSection
	GlobalSection(SolutionProperties) = preSolution
		HideSolutionNode = FALSE
	EndGlobalSection
EndGlobal
